
Microsoft Visual Studio Solution File, Format Version 12.00
# Visual Studio Version 17
VisualStudioVersion = 17.2.32630.192
MinimumVisualStudioVersion = 10.0.40219.1
Project("{FAE04EC0-301F-11D3-BF4B-00C04F79EFBC}") = "SepeteEkleme", "SepeteEkleme\SepeteEkleme.csproj", "{450DDC1C-D50C-4D60-B1AB-7E0F1051B451}"
EndProject
Global
	GlobalSection(SolutionConfigurationPlatforms) = preSolution
		Debug|Any CPU = Debug|Any CPU
		Release|Any CPU = Release|Any CPU
	EndGlobalSection
	GlobalSection(ProjectConfigurationPlatforms) = postSolution
		{450DDC1C-D50C-4D60-B1AB-7E0F1051B451}.Debug|Any CPU.ActiveCfg = Debug|Any CPU
		{450DDC1C-D50C-4D60-B1AB-7E0F1051B451}.Debug|Any CPU.Build.0 = Debug|Any CPU
		{450DDC1C-D50C-4D60-B1AB-7E0F1051B451}.Release|Any CPU.ActiveCfg = Release|Any CPU
		{450DDC1C-D50C-4D60-B1AB-7E0F1051B451}.Release|Any CPU.Build.0 = Release|Any CPU
	EndGlobalSection
	GlobalSection(SolutionProperties) = preSolution
		HideSolutionNode = FALSE
	EndGlobalSection
	GlobalSection(ExtensibilityGlobals) = postSolution
		SolutionGuid = {B13EA383-883B-4B20-B64B-3D10FD6528CE}
	EndGlobalSection
EndGlobal
